
Microsoft Visual Studio Solution File, Format Version 12.00
# Visual Studio Version 17
VisualStudioVersion = 17.0.31903.59
MinimumVisualStudioVersion = 10.0.40219.1
Project("{FAE04EC0-301F-11D3-BF4B-00C04F79EFBC}") = "Semana_02", "Semana_02\Semana_02.csproj", "{6A56BABD-DC62-4A19-B8EC-1B9FAF0011E1}"
EndProject
Project("{FAE04EC0-301F-11D3-BF4B-00C04F79EFBC}") = "Semana_03", "Semana_03\Semana_03.csproj", "{6F5090C5-A6ED-4376-8B1D-442B51F2D114}"
EndProject
Project("{FAE04EC0-301F-11D3-BF4B-00C04F79EFBC}") = "CPE01_GestionTurnosMedicos", "CPE01_GestionTurnosMedicos\CPE01_GestionTurnosMedicos.csproj", "{346D0D68-BA15-4A97-B8F5-DA9943F82846}"
EndProject
Project("{FAE04EC0-301F-11D3-BF4B-00C04F79EFBC}") = "Semana_05", "Semana_05\Semana_05.csproj", "{DF17DFDD-BB59-4AF9-B548-16FC530DBC6E}"
EndProject
Project("{FAE04EC0-301F-11D3-BF4B-00C04F79EFBC}") = "Semana_06", "Semana_06\Semana_06.csproj", "{F77AEB69-B826-4DB1-9A3E-D7F5689A7B20}"
EndProject
Project("{FAE04EC0-301F-11D3-BF4B-00C04F79EFBC}") = "Semana_07", "Semana_07\Semana_07.csproj", "{19C96BD6-4EE4-491C-9613-F96B302CFC05}"
EndProject
Global
	GlobalSection(SolutionConfigurationPlatforms) = preSolution
		Debug|Any CPU = Debug|Any CPU
		Debug|x64 = Debug|x64
		Debug|x86 = Debug|x86
		Release|Any CPU = Release|Any CPU
		Release|x64 = Release|x64
		Release|x86 = Release|x86
	EndGlobalSection
	GlobalSection(ProjectConfigurationPlatforms) = postSolution
		{6A56BABD-DC62-4A19-B8EC-1B9FAF0011E1}.Debug|Any CPU.ActiveCfg = Debug|Any CPU
		{6A56BABD-DC62-4A19-B8EC-1B9FAF0011E1}.Debug|Any CPU.Build.0 = Debug|Any CPU
		{6A56BABD-DC62-4A19-B8EC-1B9FAF0011E1}.Debug|x64.ActiveCfg = Debug|Any CPU
		{6A56BABD-DC62-4A19-B8EC-1B9FAF0011E1}.Debug|x64.Build.0 = Debug|Any CPU
		{6A56BABD-DC62-4A19-B8EC-1B9FAF0011E1}.Debug|x86.ActiveCfg = Debug|Any CPU
		{6A56BABD-DC62-4A19-B8EC-1B9FAF0011E1}.Debug|x86.Build.0 = Debug|Any CPU
		{6A56BABD-DC62-4A19-B8EC-1B9FAF0011E1}.Release|Any CPU.ActiveCfg = Release|Any CPU
		{6A56BABD-DC62-4A19-B8EC-1B9FAF0011E1}.Release|Any CPU.Build.0 = Release|Any CPU
		{6A56BABD-DC62-4A19-B8EC-1B9FAF0011E1}.Release|x64.ActiveCfg = Release|Any CPU
		{6A56BABD-DC62-4A19-B8EC-1B9FAF0011E1}.Release|x64.Build.0 = Release|Any CPU
		{6A56BABD-DC62-4A19-B8EC-1B9FAF0011E1}.Release|x86.ActiveCfg = Release|Any CPU
		{6A56BABD-DC62-4A19-B8EC-1B9FAF0011E1}.Release|x86.Build.0 = Release|Any CPU
		{6F5090C5-A6ED-4376-8B1D-442B51F2D114}.Debug|Any CPU.ActiveCfg = Debug|Any CPU
		{6F5090C5-A6ED-4376-8B1D-442B51F2D114}.Debug|Any CPU.Build.0 = Debug|Any CPU
		{6F5090C5-A6ED-4376-8B1D-442B51F2D114}.Debug|x64.ActiveCfg = Debug|Any CPU
		{6F5090C5-A6ED-4376-8B1D-442B51F2D114}.Debug|x64.Build.0 = Debug|Any CPU
		{6F5090C5-A6ED-4376-8B1D-442B51F2D114}.Debug|x86.ActiveCfg = Debug|Any CPU
		{6F5090C5-A6ED-4376-8B1D-442B51F2D114}.Debug|x86.Build.0 = Debug|Any CPU
		{6F5090C5-A6ED-4376-8B1D-442B51F2D114}.Release|Any CPU.ActiveCfg = Release|Any CPU
		{6F5090C5-A6ED-4376-8B1D-442B51F2D114}.Release|Any CPU.Build.0 = Release|Any CPU
		{6F5090C5-A6ED-4376-8B1D-442B51F2D114}.Release|x64.ActiveCfg = Release|Any CPU
		{6F5090C5-A6ED-4376-8B1D-442B51F2D114}.Release|x64.Build.0 = Release|Any CPU
		{6F5090C5-A6ED-4376-8B1D-442B51F2D114}.Release|x86.ActiveCfg = Release|Any CPU
		{6F5090C5-A6ED-4376-8B1D-442B51F2D114}.Release|x86.Build.0 = Release|Any CPU
		{346D0D68-BA15-4A97-B8F5-DA9943F82846}.Debug|Any CPU.ActiveCfg = Debug|Any CPU
		{346D0D68-BA15-4A97-B8F5-DA9943F82846}.Debug|Any CPU.Build.0 = Debug|Any CPU
		{346D0D68-BA15-4A97-B8F5-DA9943F82846}.Debug|x64.ActiveCfg = Debug|Any CPU
		{346D0D68-BA15-4A97-B8F5-DA9943F82846}.Debug|x64.Build.0 = Debug|Any CPU
		{346D0D68-BA15-4A97-B8F5-DA9943F82846}.Debug|x86.ActiveCfg = Debug|Any CPU
		{346D0D68-BA15-4A97-B8F5-DA9943F82846}.Debug|x86.Build.0 = Debug|Any CPU
		{346D0D68-BA15-4A97-B8F5-DA9943F82846}.Release|Any CPU.ActiveCfg = Release|Any CPU
		{346D0D68-BA15-4A97-B8F5-DA9943F82846}.Release|Any CPU.Build.0 = Release|Any CPU
		{346D0D68-BA15-4A97-B8F5-DA9943F82846}.Release|x64.ActiveCfg = Release|Any CPU
		{346D0D68-BA15-4A97-B8F5-DA9943F82846}.Release|x64.Build.0 = Release|Any CPU
		{346D0D68-BA15-4A97-B8F5-DA9943F82846}.Release|x86.ActiveCfg = Release|Any CPU
		{346D0D68-BA15-4A97-B8F5-DA9943F82846}.Release|x86.Build.0 = Release|Any CPU
		{DF17DFDD-BB59-4AF9-B548-16FC530DBC6E}.Debug|Any CPU.ActiveCfg = Debug|Any CPU
		{DF17DFDD-BB59-4AF9-B548-16FC530DBC6E}.Debug|Any CPU.Build.0 = Debug|Any CPU
		{DF17DFDD-BB59-4AF9-B548-16FC530DBC6E}.Debug|x64.ActiveCfg = Debug|Any CPU
		{DF17DFDD-BB59-4AF9-B548-16FC530DBC6E}.Debug|x64.Build.0 = Debug|Any CPU
		{DF17DFDD-BB59-4AF9-B548-16FC530DBC6E}.Debug|x86.ActiveCfg = Debug|Any CPU
		{DF17DFDD-BB59-4AF9-B548-16FC530DBC6E}.Debug|x86.Build.0 = Debug|Any CPU
		{DF17DFDD-BB59-4AF9-B548-16FC530DBC6E}.Release|Any CPU.ActiveCfg = Release|Any CPU
		{DF17DFDD-BB59-4AF9-B548-16FC530DBC6E}.Release|Any CPU.Build.0 = Release|Any CPU
		{DF17DFDD-BB59-4AF9-B548-16FC530DBC6E}.Release|x64.ActiveCfg = Release|Any CPU
		{DF17DFDD-BB59-4AF9-B548-16FC530DBC6E}.Release|x64.Build.0 = Release|Any CPU
		{DF17DFDD-BB59-4AF9-B548-16FC530DBC6E}.Release|x86.ActiveCfg = Release|Any CPU
		{DF17DFDD-BB59-4AF9-B548-16FC530DBC6E}.Release|x86.Build.0 = Release|Any CPU
		{F77AEB69-B826-4DB1-9A3E-D7F5689A7B20}.Debug|Any CPU.ActiveCfg = Debug|Any CPU
		{F77AEB69-B826-4DB1-9A3E-D7F5689A7B20}.Debug|Any CPU.Build.0 = Debug|Any CPU
		{F77AEB69-B826-4DB1-9A3E-D7F5689A7B20}.Debug|x64.ActiveCfg = Debug|Any CPU
		{F77AEB69-B826-4DB1-9A3E-D7F5689A7B20}.Debug|x64.Build.0 = Debug|Any CPU
		{F77AEB69-B826-4DB1-9A3E-D7F5689A7B20}.Debug|x86.ActiveCfg = Debug|Any CPU
		{F77AEB69-B826-4DB1-9A3E-D7F5689A7B20}.Debug|x86.Build.0 = Debug|Any CPU
		{F77AEB69-B826-4DB1-9A3E-D7F5689A7B20}.Release|Any CPU.ActiveCfg = Release|Any CPU
		{F77AEB69-B826-4DB1-9A3E-D7F5689A7B20}.Release|Any CPU.Build.0 = Release|Any CPU
		{F77AEB69-B826-4DB1-9A3E-D7F5689A7B20}.Release|x64.ActiveCfg = Release|Any CPU
		{F77AEB69-B826-4DB1-9A3E-D7F5689A7B20}.Release|x64.Build.0 = Release|Any CPU
		{F77AEB69-B826-4DB1-9A3E-D7F5689A7B20}.Release|x86.ActiveCfg = Release|Any CPU
		{F77AEB69-B826-4DB1-9A3E-D7F5689A7B20}.Release|x86.Build.0 = Release|Any CPU
		{19C96BD6-4EE4-491C-9613-F96B302CFC05}.Debug|Any CPU.ActiveCfg = Debug|Any CPU
		{19C96BD6-4EE4-491C-9613-F96B302CFC05}.Debug|Any CPU.Build.0 = Debug|Any CPU
		{19C96BD6-4EE4-491C-9613-F96B302CFC05}.Debug|x64.ActiveCfg = Debug|Any CPU
		{19C96BD6-4EE4-491C-9613-F96B302CFC05}.Debug|x64.Build.0 = Debug|Any CPU
		{19C96BD6-4EE4-491C-9613-F96B302CFC05}.Debug|x86.ActiveCfg = Debug|Any CPU
		{19C96BD6-4EE4-491C-9613-F96B302CFC05}.Debug|x86.Build.0 = Debug|Any CPU
		{19C96BD6-4EE4-491C-9613-F96B302CFC05}.Release|Any CPU.ActiveCfg = Release|Any CPU
		{19C96BD6-4EE4-491C-9613-F96B302CFC05}.Release|Any CPU.Build.0 = Release|Any CPU
		{19C96BD6-4EE4-491C-9613-F96B302CFC05}.Release|x64.ActiveCfg = Release|Any CPU
		{19C96BD6-4EE4-491C-9613-F96B302CFC05}.Release|x64.Build.0 = Release|Any CPU
		{19C96BD6-4EE4-491C-9613-F96B302CFC05}.Release|x86.ActiveCfg = Release|Any CPU
		{19C96BD6-4EE4-491C-9613-F96B302CFC05}.Release|x86.Build.0 = Release|Any CPU
	EndGlobalSection
	GlobalSection(SolutionProperties) = preSolution
		HideSolutionNode = FALSE
	EndGlobalSection
EndGlobal
